
Microsoft Visual Studio Solution File, Format Version 12.00
# Visual Studio Version 16
VisualStudioVersion = 16.0.31410.357
MinimumVisualStudioVersion = 10.0.40219.1
Project("{8BC9CEB8-8B4A-11D0-8D11-00A0C91BC942}") = "Telecom-Company", "Telecom-Company.vcxproj", "{75939357-8D04-4DD7-891B-5313F4E22586}"
EndProject
Global
	GlobalSection(SolutionConfigurationPlatforms) = preSolution
		Debug|x64 = Debug|x64
		Debug|x86 = Debug|x86
		Release|x64 = Release|x64
		Release|x86 = Release|x86
	EndGlobalSection
	GlobalSection(ProjectConfigurationPlatforms) = postSolution
		{75939357-8D04-4DD7-891B-5313F4E22586}.Debug|x64.ActiveCfg = Debug|x64
		{75939357-8D04-4DD7-891B-5313F4E22586}.Debug|x64.Build.0 = Debug|x64
		{75939357-8D04-4DD7-891B-5313F4E22586}.Debug|x86.ActiveCfg = Debug|Win32
		{75939357-8D04-4DD7-891B-5313F4E22586}.Debug|x86.Build.0 = Debug|Win32
		{75939357-8D04-4DD7-891B-5313F4E22586}.Release|x64.ActiveCfg = Release|x64
		{75939357-8D04-4DD7-891B-5313F4E22586}.Release|x64.Build.0 = Release|x64
		{75939357-8D04-4DD7-891B-5313F4E22586}.Release|x86.ActiveCfg = Release|Win32
		{75939357-8D04-4DD7-891B-5313F4E22586}.Release|x86.Build.0 = Release|Win32
	EndGlobalSection
	GlobalSection(SolutionProperties) = preSolution
		HideSolutionNode = FALSE
	EndGlobalSection
	GlobalSection(ExtensibilityGlobals) = postSolution
		SolutionGuid = {07435CA4-A800-4860-B161-CE41F7AB82F0}
	EndGlobalSection
EndGlobal
